
Microsoft Visual Studio Solution File, Format Version 12.00
# Visual Studio 15
VisualStudioVersion = 15.0.28307.705
MinimumVisualStudioVersion = 10.0.40219.1
Project("{FAE04EC0-301F-11D3-BF4B-00C04F79EFBC}") = "ECommerce.MvcWebUI", "ECommerce.MvcWebUI\ECommerce.MvcWebUI.csproj", "{1F4ACC50-4884-425B-B0AE-1336EB3D2652}"
EndProject
Global
	GlobalSection(SolutionConfigurationPlatforms) = preSolution
		Debug|Any CPU = Debug|Any CPU
		Release|Any CPU = Release|Any CPU
	EndGlobalSection
	GlobalSection(ProjectConfigurationPlatforms) = postSolution
		{1F4ACC50-4884-425B-B0AE-1336EB3D2652}.Debug|Any CPU.ActiveCfg = Debug|Any CPU
		{1F4ACC50-4884-425B-B0AE-1336EB3D2652}.Debug|Any CPU.Build.0 = Debug|Any CPU
		{1F4ACC50-4884-425B-B0AE-1336EB3D2652}.Release|Any CPU.ActiveCfg = Release|Any CPU
		{1F4ACC50-4884-425B-B0AE-1336EB3D2652}.Release|Any CPU.Build.0 = Release|Any CPU
	EndGlobalSection
	GlobalSection(SolutionProperties) = preSolution
		HideSolutionNode = FALSE
	EndGlobalSection
	GlobalSection(ExtensibilityGlobals) = postSolution
		SolutionGuid = {700C3466-5B8A-4477-B436-5B3960E27EBA}
	EndGlobalSection
EndGlobal
